{
  "name": "zero-builder-svelte",
  "version": "1.1.20",
  "lockfileVersion": 1,
  "requires": true,
  "dependencies": {
    "minimist": {
      "version": "1.2.5",
      "resolved": "https://registry.npmjs.org/minimist/-/minimist-1.2.5.tgz",
      "integrity": "sha512-FM9nNUYrRBAELZQT3xeZQ7fmMOBg6nWNmJKTcgsJeaLstP/UODVpGsr5OhXhhXg6f+qtJ8uiZ+PUxkDWcgIXLw=="
    },
    "mkdirp": {
      "version": "0.5.5",
      "resolved": "https://registry.npmjs.org/mkdirp/-/mkdirp-0.5.5.tgz",
      "integrity": "sha512-NKmAlESf6jMGym1++R0Ra7wvhV+wFW63FaSOFPwRahvea0gMUcGUhVeAg/0BC0wiv9ih5NYPB1Wn1UEI1/L+xQ==",
      "requires": {
        "minimist": "^1.2.5"
      }
    },
    "svelte": {
      "version": "3.22.2",
      "resolved": "https://registry.npmjs.org/svelte/-/svelte-3.22.2.tgz",
      "integrity": "sha512-DxumO0+vvHA6NSc2jtVty08I8lFI43q8P2zX6JxZL8J1kqK5NVjad6TRM/twhnWXC+QScnwkZ15O6X1aTsEKTA=="
    }
  }
}
