{
  "name": "babel-plugin-transform-zero-dirname-filename",
  "version": "1.1.17",
  "lockfileVersion": 1,
  "requires": true,
  "dependencies": {
    "estree-walker": {
      "version": "0.2.1",
      "resolved": "https://registry.npmjs.org/estree-walker/-/estree-walker-0.2.1.tgz",
      "integrity": "sha1-va/oCVOD2EFNXcLs9MkXO225QS4="
    }
  }
}
